
Microsoft Visual Studio Solution File, Format Version 12.00
# Visual Studio 2012
Project("{FAE04EC0-301F-11D3-BF4B-00C04F79EFBC}") = "PFTSDesktop", "PFTSDesktop\PFTSDesktop.csproj", "{AA233852-7600-429C-84C6-2F70CB171ADB}"
EndProject
Project("{FAE04EC0-301F-11D3-BF4B-00C04F79EFBC}") = "PFTSModel", "PFTSModel\PFTSModel.csproj", "{EC79570A-25A6-4BCB-A828-CE04B0269919}"
EndProject
Project("{FAE04EC0-301F-11D3-BF4B-00C04F79EFBC}") = "PFTSHwCtrl", "PFTSHwCtrl\PFTSHwCtrl.csproj", "{E1A1497F-CA0E-425C-8CF9-34F05CCCD231}"
EndProject
Project("{FAE04EC0-301F-11D3-BF4B-00C04F79EFBC}") = "PFTSUITemplate", "PFTSUITemplate\PFTSUITemplate.csproj", "{9E33C2AE-36D8-4022-BF77-FF6F012C9852}"
EndProject
Project("{FAE04EC0-301F-11D3-BF4B-00C04F79EFBC}") = "PFTSTools", "PFTSTools\PFTSTools.csproj", "{418FA0D6-C0CF-4C3C-89CF-7CA5966F410B}"
EndProject
Global
	GlobalSection(SolutionConfigurationPlatforms) = preSolution
		Debug|Any CPU = Debug|Any CPU
		Release|Any CPU = Release|Any CPU
	EndGlobalSection
	GlobalSection(ProjectConfigurationPlatforms) = postSolution
		{AA233852-7600-429C-84C6-2F70CB171ADB}.Debug|Any CPU.ActiveCfg = Debug|Any CPU
		{AA233852-7600-429C-84C6-2F70CB171ADB}.Debug|Any CPU.Build.0 = Debug|Any CPU
		{AA233852-7600-429C-84C6-2F70CB171ADB}.Release|Any CPU.ActiveCfg = Release|Any CPU
		{AA233852-7600-429C-84C6-2F70CB171ADB}.Release|Any CPU.Build.0 = Release|Any CPU
		{EC79570A-25A6-4BCB-A828-CE04B0269919}.Debug|Any CPU.ActiveCfg = Debug|Any CPU
		{EC79570A-25A6-4BCB-A828-CE04B0269919}.Debug|Any CPU.Build.0 = Debug|Any CPU
		{EC79570A-25A6-4BCB-A828-CE04B0269919}.Release|Any CPU.ActiveCfg = Release|Any CPU
		{EC79570A-25A6-4BCB-A828-CE04B0269919}.Release|Any CPU.Build.0 = Release|Any CPU
		{E1A1497F-CA0E-425C-8CF9-34F05CCCD231}.Debug|Any CPU.ActiveCfg = Debug|Any CPU
		{E1A1497F-CA0E-425C-8CF9-34F05CCCD231}.Debug|Any CPU.Build.0 = Debug|Any CPU
		{E1A1497F-CA0E-425C-8CF9-34F05CCCD231}.Release|Any CPU.ActiveCfg = Release|Any CPU
		{E1A1497F-CA0E-425C-8CF9-34F05CCCD231}.Release|Any CPU.Build.0 = Release|Any CPU
		{9E33C2AE-36D8-4022-BF77-FF6F012C9852}.Debug|Any CPU.ActiveCfg = Debug|Any CPU
		{9E33C2AE-36D8-4022-BF77-FF6F012C9852}.Debug|Any CPU.Build.0 = Debug|Any CPU
		{9E33C2AE-36D8-4022-BF77-FF6F012C9852}.Release|Any CPU.ActiveCfg = Release|Any CPU
		{9E33C2AE-36D8-4022-BF77-FF6F012C9852}.Release|Any CPU.Build.0 = Release|Any CPU
		{418FA0D6-C0CF-4C3C-89CF-7CA5966F410B}.Debug|Any CPU.ActiveCfg = Debug|Any CPU
		{418FA0D6-C0CF-4C3C-89CF-7CA5966F410B}.Debug|Any CPU.Build.0 = Debug|Any CPU
		{418FA0D6-C0CF-4C3C-89CF-7CA5966F410B}.Release|Any CPU.ActiveCfg = Release|Any CPU
		{418FA0D6-C0CF-4C3C-89CF-7CA5966F410B}.Release|Any CPU.Build.0 = Release|Any CPU
	EndGlobalSection
	GlobalSection(SolutionProperties) = preSolution
		HideSolutionNode = FALSE
	EndGlobalSection
EndGlobal
